
Microsoft Visual Studio Solution File, Format Version 12.00
# Visual Studio Version 17
VisualStudioVersion = 17.14.36221.1 d17.14
MinimumVisualStudioVersion = 10.0.40219.1
Project("{FAE04EC0-301F-11D3-BF4B-00C04F79EFBC}") = "Advertisement", "Advertisement\Advertisement.csproj", "{05370B48-8475-4142-8A30-DE0BBBF40E15}"
EndProject
Global
	GlobalSection(SolutionConfigurationPlatforms) = preSolution
		Debug|Any CPU = Debug|Any CPU
		Release|Any CPU = Release|Any CPU
	EndGlobalSection
	GlobalSection(ProjectConfigurationPlatforms) = postSolution
		{05370B48-8475-4142-8A30-DE0BBBF40E15}.Debug|Any CPU.ActiveCfg = Debug|Any CPU
		{05370B48-8475-4142-8A30-DE0BBBF40E15}.Debug|Any CPU.Build.0 = Debug|Any CPU
		{05370B48-8475-4142-8A30-DE0BBBF40E15}.Release|Any CPU.ActiveCfg = Release|Any CPU
		{05370B48-8475-4142-8A30-DE0BBBF40E15}.Release|Any CPU.Build.0 = Release|Any CPU
	EndGlobalSection
	GlobalSection(SolutionProperties) = preSolution
		HideSolutionNode = FALSE
	EndGlobalSection
	GlobalSection(ExtensibilityGlobals) = postSolution
		SolutionGuid = {30C8FBEF-64C9-44A6-9EA3-E1CD0B222FF9}
	EndGlobalSection
EndGlobal
